// !$*UTF8*$!
{
	archiveVersion = 1;
	classes = {
	};
	objectVersion = 46;
	objects = {

/* Begin PBXBuildFile section */
		006EF56D1D1B699E005FD8C3 /* AppDelegate.swift in Sources */ = {isa = PBXBuildFile; fileRef = 006EF56C1D1B699E005FD8C3 /* AppDelegate.swift */; };
		006EF56F1D1B699E005FD8C3 /* KnurldTestVC.swift in Sources */ = {isa = PBXBuildFile; fileRef = 006EF56E1D1B699E005FD8C3 /* KnurldTestVC.swift */; };
		006EF5721D1B699E005FD8C3 /* Main.storyboard in Resources */ = {isa = PBXBuildFile; fileRef = 006EF5701D1B699E005FD8C3 /* Main.storyboard */; };
		006EF5741D1B699E005FD8C3 /* Assets.xcassets in Resources */ = {isa = PBXBuildFile; fileRef = 006EF5731D1B699E005FD8C3 /* Assets.xcassets */; };
		006EF5771D1B699E005FD8C3 /* LaunchScreen.storyboard in Resources */ = {isa = PBXBuildFile; fileRef = 006EF5751D1B699E005FD8C3 /* LaunchScreen.storyboard */; };
/* End PBXBuildFile section */

/* Begin PBXFileReference section */
		006EF5691D1B699E005FD8C3 /* KnurldTest.app */ = {isa = PBXFileReference; explicitFileType = wrapper.application; includeInIndex = 0; path = KnurldTest.app; sourceTree = BUILT_PRODUCTS_DIR; };
		006EF56C1D1B699E005FD8C3 /* AppDelegate.swift */ = {isa = PBXFileReference; lastKnownFileType = sourcecode.swift; path = AppDelegate.swift; sourceTree = "<group>"; };
		006EF56E1D1B699E005FD8C3 /* KnurldTestVC.swift */ = {isa = PBXFileReference; lastKnownFileType = sourcecode.swift; path = KnurldTestVC.swift; sourceTree = "<group>"; };
		006EF5711D1B699E005FD8C3 /* Base */ = {isa = PBXFileReference; lastKnownFileType = file.storyboard; name = Base; path = Base.lproj/Main.storyboard; sourceTree = "<group>"; };
		006EF5731D1B699E005FD8C3 /* Assets.xcassets */ = {isa = PBXFileReference; lastKnownFileType = folder.assetcatalog; path = Assets.xcassets; sourceTree = "<group>"; };
		006EF5761D1B699E005FD8C3 /* Base */ = {isa = PBXFileReference; lastKnownFileType = file.storyboard; name = Base; path = Base.lproj/LaunchScreen.storyboard; sourceTree = "<group>"; };
		006EF5781D1B699E005FD8C3 /* Info.plist */ = {isa = PBXFileReference; lastKnownFileType = text.plist.xml; path = Info.plist; sourceTree = "<group>"; };
/* End PBXFileReference section */

/* Begin PBXFrameworksBuildPhase section */
		006EF5661D1B699E005FD8C3 /* Frameworks */ = {
			isa = PBXFrameworksBuildPhase;
			buildActionMask = 2147483647;
			files = (
			);
			runOnlyForDeploymentPostprocessing = 0;
		};
/* End PBXFrameworksBuildPhase section */

/* Begin PBXGroup section */
		006EF5601D1B699E005FD8C3 = {
			isa = PBXGroup;
			children = (
				006EF56B1D1B699E005FD8C3 /* KnurldTest */,
				006EF56A1D1B699E005FD8C3 /* Products */,
			);
			sourceTree = "<group>";
		};
		006EF56A1D1B699E005FD8C3 /* Products */ = {
			isa = PBXGroup;
			children = (
				006EF5691D1B699E005FD8C3 /* KnurldTest.app */,
			);
			name = Products;
			sourceTree = "<group>";
		};
		006EF56B1D1B699E005FD8C3 /* KnurldTest */ = {
			isa = PBXGroup;
			children = (
				006EF57E1D1B69A9005FD8C3 /* Supporting Files */,
				006EF56E1D1B699E005FD8C3 /* KnurldTestVC.swift */,
				006EF5701D1B699E005FD8C3 /* Main.storyboard */,
			);
			path = KnurldTest;
			sourceTree = "<group>";
		};
		006EF57E1D1B69A9005FD8C3 /* Supporting Files */ = {
			isa = PBXGroup;
			children = (
				006EF56C1D1B699E005FD8C3 /* AppDelegate.swift */,
				006EF5731D1B699E005FD8C3 /* Assets.xcassets */,
				006EF5751D1B699E005FD8C3 /* LaunchScreen.storyboard */,
				006EF5781D1B699E005FD8C3 /* Info.plist */,
			);
			name = "Supporting Files";
			sourceTree = "<group>";
		};
/* End PBXGroup section */

/* Begin PBXNativeTarget section */
		006EF5681D1B699E005FD8C3 /* KnurldTest */ = {
			isa = PBXNativeTarget;
			buildConfigurationList = 006EF57B1D1B699E005FD8C3 /* Build configuration list for PBXNativeTarget "KnurldTest" */;
			buildPhases = (
				006EF5651D1B699E005FD8C3 /* Sources */,
				006EF5661D1B699E005FD8C3 /* Frameworks */,
				006EF5671D1B699E005FD8C3 /* Resources */,
			);
			buildRules = (
			);
			dependencies = (
			);
			name = KnurldTest;
			productName = KnurldTest;
			productReference = 006EF5691D1B699E005FD8C3 /* KnurldTest.app */;
			productType = "com.apple.product-type.application";
		};
/* End PBXNativeTarget section */

/* Begin PBXProject section */
		006EF5611D1B699E005FD8C3 /* Project object */ = {
			isa = PBXProject;
			attributes = {
				LastSwiftUpdateCheck = 0730;
				LastUpgradeCheck = 0730;
				ORGANIZATIONNAME = "Sara and Jeff";
				TargetAttributes = {
					006EF5681D1B699E005FD8C3 = {
						CreatedOnToolsVersion = 7.3.1;
						DevelopmentTeam = 5JELCQ2NQZ;
					};
				};
			};
			buildConfigurationList = 006EF5641D1B699E005FD8C3 /* Build configuration list for PBXProject "KnurldTest" */;
			compatibilityVersion = "Xcode 3.2";
			developmentRegion = English;
			hasScannedForEncodings = 0;
			knownRegions = (
				en,
				Base,
			);
			mainGroup = 006EF5601D1B699E005FD8C3;
			productRefGroup = 006EF56A1D1B699E005FD8C3 /* Products */;
			projectDirPath = "";
			projectRoot = "";
			targets = (
				006EF5681D1B699E005FD8C3 /* KnurldTest */,
			);
		};
/* End PBXProject section */

/* Begin PBXResourcesBuildPhase section */
		006EF5671D1B699E005FD8C3 /* Resources */ = {
			isa = PBXResourcesBuildPhase;
			buildActionMask = 2147483647;
			files = (
				006EF5771D1B699E005FD8C3 /* LaunchScreen.storyboard in Resources */,
				006EF5741D1B699E005FD8C3 /* Assets.xcassets in Resources */,
				006EF5721D1B699E005FD8C3 /* Main.storyboard in Resources */,
			);
			runOnlyForDeploymentPostprocessing = 0;
		};
/* End PBXResourcesBuildPhase section */

/* Begin PBXSourcesBuildPhase section */
		006EF5651D1B699E005FD8C3 /* Sources */ = {
			isa = PBXSourcesBuildPhase;
			buildActionMask = 2147483647;
			files = (
				006EF56F1D1B699E005FD8C3 /* KnurldTestVC.swift in Sources */,
				006EF56D1D1B699E005FD8C3 /* AppDelegate.swift in Sources */,
			);
			runOnlyForDeploymentPostprocessing = 0;
		};
/* End PBXSourcesBuildPhase section */

/* Begin PBXVariantGroup section */
		006EF5701D1B699E005FD8C3 /* Main.storyboard */ = {
			isa = PBXVariantGroup;
			children = (
				006EF5711D1B699E005FD8C3 /* Base */,
			);
			name = Main.storyboard;
			sourceTree = "<group>";
		};
		006EF5751D1B699E005FD8C3 /* LaunchScreen.storyboard */ = {
			isa = PBXVariantGroup;
			children = (
				006EF5761D1B699E005FD8C3 /* Base */,
			);
			name = LaunchScreen.storyboard;
			sourceTree = "<group>";
		};
/* End PBXVariantGroup section */

/* Begin XCBuildConfiguration section */
		006EF5791D1B699E005FD8C3 /* Debug */ = {
			isa = XCBuildConfiguration;
			buildSettings = {
				ALWAYS_SEARCH_USER_PATHS = NO;
				CLANG_ANALYZER_NONNULL = YES;
				CLANG_CXX_LANGUAGE_STANDARD = "gnu++0x";
				CLANG_CXX_LIBRARY = "libc++";
				CLANG_ENABLE_MODULES = YES;
				CLANG_ENABLE_OBJC_ARC = YES;
				CLANG_WARN_BOOL_CONVERSION = YES;
				CLANG_WARN_CONSTANT_CONVERSION = YES;
				CLANG_WARN_DIRECT_OBJC_ISA_USAGE = YES_ERROR;
				CLANG_WARN_EMPTY_BODY = YES;
				CLANG_WARN_ENUM_CONVERSION = YES;
				CLANG_WARN_INT_CONVERSION = YES;
				CLANG_WARN_OBJC_ROOT_CLASS = YES_ERROR;
				CLANG_WARN_UNREACHABLE_CODE = YES;
				CLANG_WARN__DUPLICATE_METHOD_MATCH = YES;
				"CODE_SIGN_IDENTITY[sdk=iphoneos*]" = "iPhone Developer";
				COPY_PHASE_STRIP = NO;
				DEBUG_INFORMATION_FORMAT = dwarf;
				ENABLE_STRICT_OBJC_MSGSEND = YES;
				ENABLE_TESTABILITY = YES;
				GCC_C_LANGUAGE_STANDARD = gnu99;
				GCC_DYNAMIC_NO_PIC = NO;
				GCC_NO_COMMON_BLOCKS = YES;
				GCC_OPTIMIZATION_LEVEL = 0;
				GCC_PREPROCESSOR_DEFINITIONS = (
					"DEBUG=1",
					"$(inherited)",
				);
				GCC_WARN_64_TO_32_BIT_CONVERSION = YES;
				GCC_WARN_ABOUT_RETURN_TYPE = YES_ERROR;
				GCC_WARN_UNDECLARED_SELECTOR = YES;
				GCC_WARN_UNINITIALIZED_AUTOS = YES_AGGRESSIVE;
				GCC_WARN_UNUSED_FUNCTION = YES;
				GCC_WARN_UNUSED_VARIABLE = YES;
				IPHONEOS_DEPLOYMENT_TARGET = 9.3;
				MTL_ENABLE_DEBUG_INFO = YES;
				ONLY_ACTIVE_ARCH = YES;
				SDKROOT = iphoneos;
				SWIFT_OPTIMIZATION_LEVEL = "-Onone";
				TARGETED_DEVICE_FAMILY = "1,2";
			};
			name = Debug;
		};
		006EF57A1D1B699E005FD8C3 /* Release */ = {
			isa = XCBuildConfiguration;
			buildSettings = {
				ALWAYS_SEARCH_USER_PATHS = NO;
				CLANG_ANALYZER_NONNULL = YES;
				CLANG_CXX_LANGUAGE_STANDARD = "gnu++0x";
				CLANG_CXX_LIBRARY = "libc++";
				CLANG_ENABLE_MODULES = YES;
				CLANG_ENABLE_OBJC_ARC = YES;
				CLANG_WARN_BOOL_CONVERSION = YES;
				CLANG_WARN_CONSTANT_CONVERSION = YES;
				CLANG_WARN_DIRECT_OBJC_ISA_USAGE = YES_ERROR;
				CLANG_WARN_EMPTY_BODY = YES;
				CLANG_WARN_ENUM_CONVERSION = YES;
				CLANG_WARN_INT_CONVERSION = YES;
				CLANG_WARN_OBJC_ROOT_CLASS = YES_ERROR;
				CLANG_WARN_UNREACHABLE_CODE = YES;
				CLANG_WARN__DUPLICATE_METHOD_MATCH = YES;
				"CODE_SIGN_IDENTITY[sdk=iphoneos*]" = "iPhone Developer";
				COPY_PHASE_STRIP = NO;
				DEBUG_INFORMATION_FORMAT = "dwarf-with-dsym";
				ENABLE_NS_ASSERTIONS = NO;
				ENABLE_STRICT_OBJC_MSGSEND = YES;
				GCC_C_LANGUAGE_STANDARD = gnu99;
				GCC_NO_COMMON_BLOCKS = YES;
				GCC_WARN_64_TO_32_BIT_CONVERSION = YES;
				GCC_WARN_ABOUT_RETURN_TYPE = YES_ERROR;
				GCC_WARN_UNDECLARED_SELECTOR = YES;
				GCC_WARN_UNINITIALIZED_AUTOS = YES_AGGRESSIVE;
				GCC_WARN_UNUSED_FUNCTION = YES;
				GCC_WARN_UNUSED_VARIABLE = YES;
				IPHONEOS_DEPLOYMENT_TARGET = 9.3;
				MTL_ENABLE_DEBUG_INFO = NO;
				SDKROOT = iphoneos;
				TARGETED_DEVICE_FAMILY = "1,2";
				VALIDATE_PRODUCT = YES;
			};
			name = Release;
		};
		006EF57C1D1B699E005FD8C3 /* Debug */ = {
			isa = XCBuildConfiguration;
			buildSettings = {
				ASSETCATALOG_COMPILER_APPICON_NAME = AppIcon;
				INFOPLIST_FILE = KnurldTest/Info.plist;
				LD_RUNPATH_SEARCH_PATHS = "$(inherited) @executable_path/Frameworks";
				PRODUCT_BUNDLE_IDENTIFIER = com.knurld.KnurldTest;
				PRODUCT_NAME = "$(TARGET_NAME)";
			};
			name = Debug;
		};
		006EF57D1D1B699E005FD8C3 /* Release */ = {
			isa = XCBuildConfiguration;
			buildSettings = {
				ASSETCATALOG_COMPILER_APPICON_NAME = AppIcon;
				INFOPLIST_FILE = KnurldTest/Info.plist;
				LD_RUNPATH_SEARCH_PATHS = "$(inherited) @executable_path/Frameworks";
				PRODUCT_BUNDLE_IDENTIFIER = com.knurld.KnurldTest;
				PRODUCT_NAME = "$(TARGET_NAME)";
			};
			name = Release;
		};
/* End XCBuildConfiguration section */

/* Begin XCConfigurationList section */
		006EF5641D1B699E005FD8C3 /* Build configuration list for PBXProject "KnurldTest" */ = {
			isa = XCConfigurationList;
			buildConfigurations = (
				006EF5791D1B699E005FD8C3 /* Debug */,
				006EF57A1D1B699E005FD8C3 /* Release */,
			);
			defaultConfigurationIsVisible = 0;
			defaultConfigurationName = Release;
		};
		006EF57B1D1B699E005FD8C3 /* Build configuration list for PBXNativeTarget "KnurldTest" */ = {
			isa = XCConfigurationList;
			buildConfigurations = (
				006EF57C1D1B699E005FD8C3 /* Debug */,
				006EF57D1D1B699E005FD8C3 /* Release */,
			);
			defaultConfigurationIsVisible = 0;
		};
/* End XCConfigurationList section */
	};
	rootObject = 006EF5611D1B699E005FD8C3 /* Project object */;
}
